
Microsoft Visual Studio Solution File, Format Version 12.00
# Visual Studio Version 16
VisualStudioVersion = 16.0.29503.13
MinimumVisualStudioVersion = 10.0.40219.1
Project("{9A19103F-16F7-4668-BE54-9A1E7A4F7556}") = "MetricsDashboard.WebApi", "MetricsDashboard.WebApi\MetricsDashboard.WebApi.csproj", "{EF625894-5273-4E61-9831-C80BDA7948B7}"
EndProject
Project("{9A19103F-16F7-4668-BE54-9A1E7A4F7556}") = "MetricsDashboard.Contract", "MetricsDashboard.Contract\MetricsDashboard.Contract.csproj", "{EBF6491E-6B4C-4809-9B45-90A50EA2E3A3}"
EndProject
Global
	GlobalSection(SolutionConfigurationPlatforms) = preSolution
		Debug|Any CPU = Debug|Any CPU
		Release|Any CPU = Release|Any CPU
	EndGlobalSection
	GlobalSection(ProjectConfigurationPlatforms) = postSolution
		{EF625894-5273-4E61-9831-C80BDA7948B7}.Debug|Any CPU.ActiveCfg = Debug|Any CPU
		{EF625894-5273-4E61-9831-C80BDA7948B7}.Debug|Any CPU.Build.0 = Debug|Any CPU
		{EF625894-5273-4E61-9831-C80BDA7948B7}.Release|Any CPU.ActiveCfg = Release|Any CPU
		{EF625894-5273-4E61-9831-C80BDA7948B7}.Release|Any CPU.Build.0 = Release|Any CPU
		{EBF6491E-6B4C-4809-9B45-90A50EA2E3A3}.Debug|Any CPU.ActiveCfg = Debug|Any CPU
		{EBF6491E-6B4C-4809-9B45-90A50EA2E3A3}.Debug|Any CPU.Build.0 = Debug|Any CPU
		{EBF6491E-6B4C-4809-9B45-90A50EA2E3A3}.Release|Any CPU.ActiveCfg = Release|Any CPU
		{EBF6491E-6B4C-4809-9B45-90A50EA2E3A3}.Release|Any CPU.Build.0 = Release|Any CPU
	EndGlobalSection
	GlobalSection(SolutionProperties) = preSolution
		HideSolutionNode = FALSE
	EndGlobalSection
	GlobalSection(ExtensibilityGlobals) = postSolution
		SolutionGuid = {D5F2A81D-3D93-48C4-A41D-F37B94675B12}
	EndGlobalSection
EndGlobal
