
Microsoft Visual Studio Solution File, Format Version 12.00
# Visual Studio Version 16
VisualStudioVersion = 16.0.29503.13
MinimumVisualStudioVersion = 10.0.40219.1
Project("{9A19103F-16F7-4668-BE54-9A1E7A4F7556}") = "TilesDashboard.WebApi", "TilesDashboard.WebApi\TilesDashboard.WebApi.csproj", "{EF625894-5273-4E61-9831-C80BDA7948B7}"
EndProject
Project("{9A19103F-16F7-4668-BE54-9A1E7A4F7556}") = "TilesDashboard.Contract", "TilesDashboard.Contract\TilesDashboard.Contract.csproj", "{EBF6491E-6B4C-4809-9B45-90A50EA2E3A3}"
EndProject
Project("{9A19103F-16F7-4668-BE54-9A1E7A4F7556}") = "TilesDashboard.Handy", "TilesDashboard.Handy\TilesDashboard.Handy.csproj", "{9EFF4683-0D68-4436-88C1-EFFD35316A17}"
EndProject
Project("{9A19103F-16F7-4668-BE54-9A1E7A4F7556}") = "TilesDashboard.PluginBase", "TilesDashboard.PluginBase\TilesDashboard.PluginBase.csproj", "{33FDAAA3-9955-489F-ACF9-5319B41019B3}"
EndProject
Project("{2150E333-8FDC-42A3-9474-1A3956D46DE8}") = "DataPlugins", "DataPlugins", "{C8675024-DB81-4F4B-8BEB-1CBA0645AD61}"
EndProject
Project("{9A19103F-16F7-4668-BE54-9A1E7A4F7556}") = "TilesDashboard.Plugin.OpenWeatherMap", "DataPlugins\TilesDashboard.Plugin.OpenWeatherMap\TilesDashboard.Plugin.OpenWeatherMap.csproj", "{D614A6F8-814E-4E65-9471-695255A3B25A}"
EndProject
Project("{9A19103F-16F7-4668-BE54-9A1E7A4F7556}") = "TilesDashboard.Plugins.Terminal", "DataPlugins\TilesDashboard.Plugins.Terminal\TilesDashboard.Plugins.Terminal.csproj", "{F5DE5C07-108A-4FED-9365-58141B4D0B06}"
EndProject
Project("{9A19103F-16F7-4668-BE54-9A1E7A4F7556}") = "TilesDashboard.Plugin.Azure", "DataPlugins\TilesDashboard.Plugin.Azure.CodeCoverage\TilesDashboard.Plugin.Azure.csproj", "{BCE40E04-34BC-4A34-89F1-1BCFE87CF632}"
EndProject
Project("{9A19103F-16F7-4668-BE54-9A1E7A4F7556}") = "TilesDashboard.Plugin.Crypto", "DataPlugins\TilesDashboard.Plugin.Crypto\TilesDashboard.Plugin.Crypto.csproj", "{194D011E-90AA-45CE-9908-61DD0F67FFE5}"
EndProject
Project("{9A19103F-16F7-4668-BE54-9A1E7A4F7556}") = "TilesDashboard.Plugin.HeartBeatGeneral", "DataPlugins\TilesDashboard.Plugin.HeartBeatGeneral\TilesDashboard.Plugin.HeartBeatGeneral.csproj", "{E10DC50B-AC15-4CEA-8152-ACAF198A85DD}"
EndProject
Project("{9A19103F-16F7-4668-BE54-9A1E7A4F7556}") = "TilesDashboard.TestPlugins", "DataPlugins\TilesDashboard.TestPlugins\TilesDashboard.TestPlugins.csproj", "{178A4899-A9E5-4D2A-80D4-45ABE1261C81}"
EndProject
Project("{2150E333-8FDC-42A3-9474-1A3956D46DE8}") = "NotificationPlugis", "NotificationPlugis", "{91713885-FD19-409C-A9F3-918DBB48829D}"
EndProject
Project("{9A19103F-16F7-4668-BE54-9A1E7A4F7556}") = "TileDashboard.TestNotificationPlugins", "NotificationPlugins\TileDashboard.TestNotificationPlugins\TileDashboard.TestNotificationPlugins.csproj", "{32A41934-04AB-4AFC-AA4E-9BC1943441C9}"
EndProject
Project("{9A19103F-16F7-4668-BE54-9A1E7A4F7556}") = "TilesDashboard.Plugin.CodeCoverageSlackNotification", "NotificationPlugins\TileDashboard.Plugin.CodeCoverageSlackNotification\TilesDashboard.Plugin.CodeCoverageSlackNotification.csproj", "{D81B8EA3-2046-422B-9F27-9CABC5B87BC3}"
EndProject
Project("{9A19103F-16F7-4668-BE54-9A1E7A4F7556}") = "TilesDashboard.Plugin.AzureWebJobHeartBeat", "DataPlugins\TilesDashboard.Plugin.AzureWebJobHeartBeat\TilesDashboard.Plugin.AzureWebJobHeartBeat.csproj", "{3CF1B913-6C90-4E42-80A0-0BE4941C0441}"
EndProject
Project("{9A19103F-16F7-4668-BE54-9A1E7A4F7556}") = "TilesDashboard.V2.Core", "TilesDashboard.V2.Core\TilesDashboard.V2.Core.csproj", "{E3A1121D-6763-441B-B66A-5C89461391DF}"
EndProject
Project("{9A19103F-16F7-4668-BE54-9A1E7A4F7556}") = "TilesDashboard.V2.Core.Entities", "TilesDashboard.V2.Core.Entities\TilesDashboard.V2.Core.Entities.csproj", "{378116AE-1D5C-4485-A2CD-24E7FA05350D}"
EndProject
Project("{9A19103F-16F7-4668-BE54-9A1E7A4F7556}") = "TilesDashboard.Core.UnitTests", "tests\TilesDashboard.Core.UnitTests\TilesDashboard.Core.UnitTests.csproj", "{96B070A7-3D1F-4378-948D-9B67D7CB8B16}"
EndProject
Project("{2150E333-8FDC-42A3-9474-1A3956D46DE8}") = "Core", "Core", "{6E62EA5E-2F1A-4973-9A3E-A3E861C5A2CA}"
EndProject
Project("{9A19103F-16F7-4668-BE54-9A1E7A4F7556}") = "TilesDashboard.Handy.UnitTests", "tests\TilesDashboard.Handy.UnitTests\TilesDashboard.Handy.UnitTests.csproj", "{1B57B8D7-05A8-4545-B14D-FC4D1960DFC0}"
EndProject
Project("{9A19103F-16F7-4668-BE54-9A1E7A4F7556}") = "TilesDashboard.TestUtils", "tests\TilesDashboard.TestUtils\TilesDashboard.TestUtils.csproj", "{7954C1E9-0FF6-4147-87C3-73D91BE04A3C}"
EndProject
Project("{2150E333-8FDC-42A3-9474-1A3956D46DE8}") = "PluginSystem", "PluginSystem", "{73237407-855A-4022-91AF-753DE7E378ED}"
EndProject
Project("{9A19103F-16F7-4668-BE54-9A1E7A4F7556}") = "TilesDashboard.PluginSystem", "TilesDashboard.PluginSystem\TilesDashboard.PluginSystem.csproj", "{737094F1-AA1C-4E68-86AB-632E6065216B}"
EndProject
Project("{9A19103F-16F7-4668-BE54-9A1E7A4F7556}") = "TilesDashboard.Plugin.WeatherSlackNotification", "NotificationPlugins\TilesDashboard.Plugin.WeatherSlackNotification\TilesDashboard.Plugin.WeatherSlackNotification.csproj", "{EA5A203A-8665-471A-A049-6B2AFBDB65D3}"
EndProject
Project("{9A19103F-16F7-4668-BE54-9A1E7A4F7556}") = "TilesDashboard.Plugin.ApartmentWeatherNotification", "NotificationPlugins\TilesDashboard.Plugin.ApartmentWeatherNotification\TilesDashboard.Plugin.ApartmentWeatherNotification.csproj", "{485DA6B3-DAB6-4FB4-B571-705730C927FC}"
EndProject
Global
	GlobalSection(SolutionConfigurationPlatforms) = preSolution
		Debug|Any CPU = Debug|Any CPU
		Release|Any CPU = Release|Any CPU
	EndGlobalSection
	GlobalSection(ProjectConfigurationPlatforms) = postSolution
		{EF625894-5273-4E61-9831-C80BDA7948B7}.Debug|Any CPU.ActiveCfg = Debug|Any CPU
		{EF625894-5273-4E61-9831-C80BDA7948B7}.Debug|Any CPU.Build.0 = Debug|Any CPU
		{EF625894-5273-4E61-9831-C80BDA7948B7}.Release|Any CPU.ActiveCfg = Release|Any CPU
		{EF625894-5273-4E61-9831-C80BDA7948B7}.Release|Any CPU.Build.0 = Release|Any CPU
		{EBF6491E-6B4C-4809-9B45-90A50EA2E3A3}.Debug|Any CPU.ActiveCfg = Debug|Any CPU
		{EBF6491E-6B4C-4809-9B45-90A50EA2E3A3}.Debug|Any CPU.Build.0 = Debug|Any CPU
		{EBF6491E-6B4C-4809-9B45-90A50EA2E3A3}.Release|Any CPU.ActiveCfg = Release|Any CPU
		{EBF6491E-6B4C-4809-9B45-90A50EA2E3A3}.Release|Any CPU.Build.0 = Release|Any CPU
		{9EFF4683-0D68-4436-88C1-EFFD35316A17}.Debug|Any CPU.ActiveCfg = Debug|Any CPU
		{9EFF4683-0D68-4436-88C1-EFFD35316A17}.Debug|Any CPU.Build.0 = Debug|Any CPU
		{9EFF4683-0D68-4436-88C1-EFFD35316A17}.Release|Any CPU.ActiveCfg = Release|Any CPU
		{9EFF4683-0D68-4436-88C1-EFFD35316A17}.Release|Any CPU.Build.0 = Release|Any CPU
		{33FDAAA3-9955-489F-ACF9-5319B41019B3}.Debug|Any CPU.ActiveCfg = Debug|Any CPU
		{33FDAAA3-9955-489F-ACF9-5319B41019B3}.Debug|Any CPU.Build.0 = Debug|Any CPU
		{33FDAAA3-9955-489F-ACF9-5319B41019B3}.Release|Any CPU.ActiveCfg = Release|Any CPU
		{33FDAAA3-9955-489F-ACF9-5319B41019B3}.Release|Any CPU.Build.0 = Release|Any CPU
		{D614A6F8-814E-4E65-9471-695255A3B25A}.Debug|Any CPU.ActiveCfg = Debug|Any CPU
		{D614A6F8-814E-4E65-9471-695255A3B25A}.Debug|Any CPU.Build.0 = Debug|Any CPU
		{D614A6F8-814E-4E65-9471-695255A3B25A}.Release|Any CPU.ActiveCfg = Release|Any CPU
		{D614A6F8-814E-4E65-9471-695255A3B25A}.Release|Any CPU.Build.0 = Release|Any CPU
		{F5DE5C07-108A-4FED-9365-58141B4D0B06}.Debug|Any CPU.ActiveCfg = Debug|Any CPU
		{F5DE5C07-108A-4FED-9365-58141B4D0B06}.Debug|Any CPU.Build.0 = Debug|Any CPU
		{F5DE5C07-108A-4FED-9365-58141B4D0B06}.Release|Any CPU.ActiveCfg = Release|Any CPU
		{F5DE5C07-108A-4FED-9365-58141B4D0B06}.Release|Any CPU.Build.0 = Release|Any CPU
		{BCE40E04-34BC-4A34-89F1-1BCFE87CF632}.Debug|Any CPU.ActiveCfg = Debug|Any CPU
		{BCE40E04-34BC-4A34-89F1-1BCFE87CF632}.Debug|Any CPU.Build.0 = Debug|Any CPU
		{BCE40E04-34BC-4A34-89F1-1BCFE87CF632}.Release|Any CPU.ActiveCfg = Release|Any CPU
		{BCE40E04-34BC-4A34-89F1-1BCFE87CF632}.Release|Any CPU.Build.0 = Release|Any CPU
		{194D011E-90AA-45CE-9908-61DD0F67FFE5}.Debug|Any CPU.ActiveCfg = Debug|Any CPU
		{194D011E-90AA-45CE-9908-61DD0F67FFE5}.Debug|Any CPU.Build.0 = Debug|Any CPU
		{194D011E-90AA-45CE-9908-61DD0F67FFE5}.Release|Any CPU.ActiveCfg = Release|Any CPU
		{194D011E-90AA-45CE-9908-61DD0F67FFE5}.Release|Any CPU.Build.0 = Release|Any CPU
		{E10DC50B-AC15-4CEA-8152-ACAF198A85DD}.Debug|Any CPU.ActiveCfg = Debug|Any CPU
		{E10DC50B-AC15-4CEA-8152-ACAF198A85DD}.Debug|Any CPU.Build.0 = Debug|Any CPU
		{E10DC50B-AC15-4CEA-8152-ACAF198A85DD}.Release|Any CPU.ActiveCfg = Release|Any CPU
		{E10DC50B-AC15-4CEA-8152-ACAF198A85DD}.Release|Any CPU.Build.0 = Release|Any CPU
		{178A4899-A9E5-4D2A-80D4-45ABE1261C81}.Debug|Any CPU.ActiveCfg = Debug|Any CPU
		{178A4899-A9E5-4D2A-80D4-45ABE1261C81}.Debug|Any CPU.Build.0 = Debug|Any CPU
		{178A4899-A9E5-4D2A-80D4-45ABE1261C81}.Release|Any CPU.ActiveCfg = Release|Any CPU
		{178A4899-A9E5-4D2A-80D4-45ABE1261C81}.Release|Any CPU.Build.0 = Release|Any CPU
		{32A41934-04AB-4AFC-AA4E-9BC1943441C9}.Debug|Any CPU.ActiveCfg = Debug|Any CPU
		{32A41934-04AB-4AFC-AA4E-9BC1943441C9}.Debug|Any CPU.Build.0 = Debug|Any CPU
		{32A41934-04AB-4AFC-AA4E-9BC1943441C9}.Release|Any CPU.ActiveCfg = Release|Any CPU
		{32A41934-04AB-4AFC-AA4E-9BC1943441C9}.Release|Any CPU.Build.0 = Release|Any CPU
		{D81B8EA3-2046-422B-9F27-9CABC5B87BC3}.Debug|Any CPU.ActiveCfg = Debug|Any CPU
		{D81B8EA3-2046-422B-9F27-9CABC5B87BC3}.Debug|Any CPU.Build.0 = Debug|Any CPU
		{D81B8EA3-2046-422B-9F27-9CABC5B87BC3}.Release|Any CPU.ActiveCfg = Release|Any CPU
		{D81B8EA3-2046-422B-9F27-9CABC5B87BC3}.Release|Any CPU.Build.0 = Release|Any CPU
		{3CF1B913-6C90-4E42-80A0-0BE4941C0441}.Debug|Any CPU.ActiveCfg = Debug|Any CPU
		{3CF1B913-6C90-4E42-80A0-0BE4941C0441}.Debug|Any CPU.Build.0 = Debug|Any CPU
		{3CF1B913-6C90-4E42-80A0-0BE4941C0441}.Release|Any CPU.ActiveCfg = Release|Any CPU
		{3CF1B913-6C90-4E42-80A0-0BE4941C0441}.Release|Any CPU.Build.0 = Release|Any CPU
		{E3A1121D-6763-441B-B66A-5C89461391DF}.Debug|Any CPU.ActiveCfg = Debug|Any CPU
		{E3A1121D-6763-441B-B66A-5C89461391DF}.Debug|Any CPU.Build.0 = Debug|Any CPU
		{E3A1121D-6763-441B-B66A-5C89461391DF}.Release|Any CPU.ActiveCfg = Release|Any CPU
		{E3A1121D-6763-441B-B66A-5C89461391DF}.Release|Any CPU.Build.0 = Release|Any CPU
		{378116AE-1D5C-4485-A2CD-24E7FA05350D}.Debug|Any CPU.ActiveCfg = Debug|Any CPU
		{378116AE-1D5C-4485-A2CD-24E7FA05350D}.Debug|Any CPU.Build.0 = Debug|Any CPU
		{378116AE-1D5C-4485-A2CD-24E7FA05350D}.Release|Any CPU.ActiveCfg = Release|Any CPU
		{378116AE-1D5C-4485-A2CD-24E7FA05350D}.Release|Any CPU.Build.0 = Release|Any CPU
		{96B070A7-3D1F-4378-948D-9B67D7CB8B16}.Debug|Any CPU.ActiveCfg = Debug|Any CPU
		{96B070A7-3D1F-4378-948D-9B67D7CB8B16}.Debug|Any CPU.Build.0 = Debug|Any CPU
		{96B070A7-3D1F-4378-948D-9B67D7CB8B16}.Release|Any CPU.ActiveCfg = Release|Any CPU
		{96B070A7-3D1F-4378-948D-9B67D7CB8B16}.Release|Any CPU.Build.0 = Release|Any CPU
		{1B57B8D7-05A8-4545-B14D-FC4D1960DFC0}.Debug|Any CPU.ActiveCfg = Debug|Any CPU
		{1B57B8D7-05A8-4545-B14D-FC4D1960DFC0}.Debug|Any CPU.Build.0 = Debug|Any CPU
		{1B57B8D7-05A8-4545-B14D-FC4D1960DFC0}.Release|Any CPU.ActiveCfg = Release|Any CPU
		{1B57B8D7-05A8-4545-B14D-FC4D1960DFC0}.Release|Any CPU.Build.0 = Release|Any CPU
		{7954C1E9-0FF6-4147-87C3-73D91BE04A3C}.Debug|Any CPU.ActiveCfg = Debug|Any CPU
		{7954C1E9-0FF6-4147-87C3-73D91BE04A3C}.Debug|Any CPU.Build.0 = Debug|Any CPU
		{7954C1E9-0FF6-4147-87C3-73D91BE04A3C}.Release|Any CPU.ActiveCfg = Release|Any CPU
		{7954C1E9-0FF6-4147-87C3-73D91BE04A3C}.Release|Any CPU.Build.0 = Release|Any CPU
		{737094F1-AA1C-4E68-86AB-632E6065216B}.Debug|Any CPU.ActiveCfg = Debug|Any CPU
		{737094F1-AA1C-4E68-86AB-632E6065216B}.Debug|Any CPU.Build.0 = Debug|Any CPU
		{737094F1-AA1C-4E68-86AB-632E6065216B}.Release|Any CPU.ActiveCfg = Release|Any CPU
		{737094F1-AA1C-4E68-86AB-632E6065216B}.Release|Any CPU.Build.0 = Release|Any CPU
		{EA5A203A-8665-471A-A049-6B2AFBDB65D3}.Debug|Any CPU.ActiveCfg = Debug|Any CPU
		{EA5A203A-8665-471A-A049-6B2AFBDB65D3}.Debug|Any CPU.Build.0 = Debug|Any CPU
		{EA5A203A-8665-471A-A049-6B2AFBDB65D3}.Release|Any CPU.ActiveCfg = Release|Any CPU
		{EA5A203A-8665-471A-A049-6B2AFBDB65D3}.Release|Any CPU.Build.0 = Release|Any CPU
		{485DA6B3-DAB6-4FB4-B571-705730C927FC}.Debug|Any CPU.ActiveCfg = Debug|Any CPU
		{485DA6B3-DAB6-4FB4-B571-705730C927FC}.Debug|Any CPU.Build.0 = Debug|Any CPU
		{485DA6B3-DAB6-4FB4-B571-705730C927FC}.Release|Any CPU.ActiveCfg = Release|Any CPU
		{485DA6B3-DAB6-4FB4-B571-705730C927FC}.Release|Any CPU.Build.0 = Release|Any CPU
	EndGlobalSection
	GlobalSection(SolutionProperties) = preSolution
		HideSolutionNode = FALSE
	EndGlobalSection
	GlobalSection(NestedProjects) = preSolution
		{33FDAAA3-9955-489F-ACF9-5319B41019B3} = {73237407-855A-4022-91AF-753DE7E378ED}
		{D614A6F8-814E-4E65-9471-695255A3B25A} = {C8675024-DB81-4F4B-8BEB-1CBA0645AD61}
		{F5DE5C07-108A-4FED-9365-58141B4D0B06} = {C8675024-DB81-4F4B-8BEB-1CBA0645AD61}
		{BCE40E04-34BC-4A34-89F1-1BCFE87CF632} = {C8675024-DB81-4F4B-8BEB-1CBA0645AD61}
		{194D011E-90AA-45CE-9908-61DD0F67FFE5} = {C8675024-DB81-4F4B-8BEB-1CBA0645AD61}
		{E10DC50B-AC15-4CEA-8152-ACAF198A85DD} = {C8675024-DB81-4F4B-8BEB-1CBA0645AD61}
		{178A4899-A9E5-4D2A-80D4-45ABE1261C81} = {C8675024-DB81-4F4B-8BEB-1CBA0645AD61}
		{32A41934-04AB-4AFC-AA4E-9BC1943441C9} = {91713885-FD19-409C-A9F3-918DBB48829D}
		{D81B8EA3-2046-422B-9F27-9CABC5B87BC3} = {91713885-FD19-409C-A9F3-918DBB48829D}
		{3CF1B913-6C90-4E42-80A0-0BE4941C0441} = {C8675024-DB81-4F4B-8BEB-1CBA0645AD61}
		{E3A1121D-6763-441B-B66A-5C89461391DF} = {6E62EA5E-2F1A-4973-9A3E-A3E861C5A2CA}
		{378116AE-1D5C-4485-A2CD-24E7FA05350D} = {6E62EA5E-2F1A-4973-9A3E-A3E861C5A2CA}
		{96B070A7-3D1F-4378-948D-9B67D7CB8B16} = {6E62EA5E-2F1A-4973-9A3E-A3E861C5A2CA}
		{737094F1-AA1C-4E68-86AB-632E6065216B} = {73237407-855A-4022-91AF-753DE7E378ED}
		{EA5A203A-8665-471A-A049-6B2AFBDB65D3} = {91713885-FD19-409C-A9F3-918DBB48829D}
		{485DA6B3-DAB6-4FB4-B571-705730C927FC} = {91713885-FD19-409C-A9F3-918DBB48829D}
	EndGlobalSection
	GlobalSection(ExtensibilityGlobals) = postSolution
		SolutionGuid = {D5F2A81D-3D93-48C4-A41D-F37B94675B12}
	EndGlobalSection
EndGlobal
