
Microsoft Visual Studio Solution File, Format Version 12.00
# Visual Studio Version 16
VisualStudioVersion = 16.0.29503.13
MinimumVisualStudioVersion = 10.0.40219.1
Project("{9A19103F-16F7-4668-BE54-9A1E7A4F7556}") = "TilesDashboard.WebApi", "TilesDashboard.WebApi\TilesDashboard.WebApi.csproj", "{EF625894-5273-4E61-9831-C80BDA7948B7}"
EndProject
Project("{9A19103F-16F7-4668-BE54-9A1E7A4F7556}") = "TilesDashboard.Contract", "TilesDashboard.Contract\TilesDashboard.Contract.csproj", "{EBF6491E-6B4C-4809-9B45-90A50EA2E3A3}"
EndProject
Project("{9A19103F-16F7-4668-BE54-9A1E7A4F7556}") = "TilesDashboard.Core", "TilesDashboard.Core\TilesDashboard.Core.csproj", "{E8820CFC-0159-4FF1-A34B-28217E0C1DA5}"
EndProject
Project("{9A19103F-16F7-4668-BE54-9A1E7A4F7556}") = "TilesDashboard.Handy", "TilesDashboard.Handy\TilesDashboard.Handy.csproj", "{9EFF4683-0D68-4436-88C1-EFFD35316A17}"
EndProject
Project("{9A19103F-16F7-4668-BE54-9A1E7A4F7556}") = "TilesDashboard.PluginBase", "TilesDashboard.PluginBase\TilesDashboard.PluginBase.csproj", "{33FDAAA3-9955-489F-ACF9-5319B41019B3}"
EndProject
Project("{2150E333-8FDC-42A3-9474-1A3956D46DE8}") = "DataPlugins", "DataPlugins", "{C8675024-DB81-4F4B-8BEB-1CBA0645AD61}"
EndProject
Project("{9A19103F-16F7-4668-BE54-9A1E7A4F7556}") = "TilesDashboard.Plugin.OpenWeatherMap", "DataPlugins\TilesDashboard.Plugin.OpenWeatherMap\TilesDashboard.Plugin.OpenWeatherMap.csproj", "{D614A6F8-814E-4E65-9471-695255A3B25A}"
EndProject
Project("{9A19103F-16F7-4668-BE54-9A1E7A4F7556}") = "TilesDashboard.Plugins.Terminal", "DataPlugins\TilesDashboard.Plugins.Terminal\TilesDashboard.Plugins.Terminal.csproj", "{F5DE5C07-108A-4FED-9365-58141B4D0B06}"
EndProject
Project("{9A19103F-16F7-4668-BE54-9A1E7A4F7556}") = "TilesDashboard.Plugin.Azure.CodeCoverage", "DataPlugins\TilesDashboard.Plugin.Azure.CodeCoverage\TilesDashboard.Plugin.Azure.CodeCoverage.csproj", "{BCE40E04-34BC-4A34-89F1-1BCFE87CF632}"
EndProject
Project("{9A19103F-16F7-4668-BE54-9A1E7A4F7556}") = "TilesDashboard.Core.Type", "TilesDashboard.Core.Type\TilesDashboard.Core.Type.csproj", "{B980DF29-BD28-427B-BD33-35489ACC7B0F}"
EndProject
Project("{9A19103F-16F7-4668-BE54-9A1E7A4F7556}") = "TilesDashboard.Plugin.Crypto", "DataPlugins\TilesDashboard.Plugin.Crypto\TilesDashboard.Plugin.Crypto.csproj", "{194D011E-90AA-45CE-9908-61DD0F67FFE5}"
EndProject
Project("{9A19103F-16F7-4668-BE54-9A1E7A4F7556}") = "TilesDashboard.Plugin.HeartBeatGeneral", "DataPlugins\TilesDashboard.Plugin.HeartBeatGeneral\TilesDashboard.Plugin.HeartBeatGeneral.csproj", "{E10DC50B-AC15-4CEA-8152-ACAF198A85DD}"
EndProject
Project("{9A19103F-16F7-4668-BE54-9A1E7A4F7556}") = "TilesDashboard.TestPlugins", "DataPlugins\TilesDashboard.TestPlugins\TilesDashboard.TestPlugins.csproj", "{178A4899-A9E5-4D2A-80D4-45ABE1261C81}"
EndProject
Project("{2150E333-8FDC-42A3-9474-1A3956D46DE8}") = "NotificationPlugis", "NotificationPlugis", "{91713885-FD19-409C-A9F3-918DBB48829D}"
EndProject
Project("{9A19103F-16F7-4668-BE54-9A1E7A4F7556}") = "TileDashboard.TestNotificationPlugins", "NotificationPlugins\TileDashboard.TestNotificationPlugins\TileDashboard.TestNotificationPlugins.csproj", "{32A41934-04AB-4AFC-AA4E-9BC1943441C9}"
EndProject
Project("{9A19103F-16F7-4668-BE54-9A1E7A4F7556}") = "TileDashboard.Plugin.CodeCoverageSlackNotification", "NotificationPlugins\TileDashboard.Plugin.CodeCoverageSlackNotification\TileDashboard.Plugin.CodeCoverageSlackNotification.csproj", "{D81B8EA3-2046-422B-9F27-9CABC5B87BC3}"
EndProject
Project("{FAE04EC0-301F-11D3-BF4B-00C04F79EFBC}") = "TilesDashboard.Plugin.AzureWebJobHeartBeat", "DataPlugins\TilesDashboard.Plugin.AzureWebJobHeartBeat\TilesDashboard.Plugin.AzureWebJobHeartBeat.csproj", "{3CF1B913-6C90-4E42-80A0-0BE4941C0441}"
EndProject
Global
	GlobalSection(SolutionConfigurationPlatforms) = preSolution
		Debug|Any CPU = Debug|Any CPU
		Release|Any CPU = Release|Any CPU
	EndGlobalSection
	GlobalSection(ProjectConfigurationPlatforms) = postSolution
		{EF625894-5273-4E61-9831-C80BDA7948B7}.Debug|Any CPU.ActiveCfg = Debug|Any CPU
		{EF625894-5273-4E61-9831-C80BDA7948B7}.Debug|Any CPU.Build.0 = Debug|Any CPU
		{EF625894-5273-4E61-9831-C80BDA7948B7}.Release|Any CPU.ActiveCfg = Release|Any CPU
		{EF625894-5273-4E61-9831-C80BDA7948B7}.Release|Any CPU.Build.0 = Release|Any CPU
		{EBF6491E-6B4C-4809-9B45-90A50EA2E3A3}.Debug|Any CPU.ActiveCfg = Debug|Any CPU
		{EBF6491E-6B4C-4809-9B45-90A50EA2E3A3}.Debug|Any CPU.Build.0 = Debug|Any CPU
		{EBF6491E-6B4C-4809-9B45-90A50EA2E3A3}.Release|Any CPU.ActiveCfg = Release|Any CPU
		{EBF6491E-6B4C-4809-9B45-90A50EA2E3A3}.Release|Any CPU.Build.0 = Release|Any CPU
		{E8820CFC-0159-4FF1-A34B-28217E0C1DA5}.Debug|Any CPU.ActiveCfg = Debug|Any CPU
		{E8820CFC-0159-4FF1-A34B-28217E0C1DA5}.Debug|Any CPU.Build.0 = Debug|Any CPU
		{E8820CFC-0159-4FF1-A34B-28217E0C1DA5}.Release|Any CPU.ActiveCfg = Release|Any CPU
		{E8820CFC-0159-4FF1-A34B-28217E0C1DA5}.Release|Any CPU.Build.0 = Release|Any CPU
		{9EFF4683-0D68-4436-88C1-EFFD35316A17}.Debug|Any CPU.ActiveCfg = Debug|Any CPU
		{9EFF4683-0D68-4436-88C1-EFFD35316A17}.Debug|Any CPU.Build.0 = Debug|Any CPU
		{9EFF4683-0D68-4436-88C1-EFFD35316A17}.Release|Any CPU.ActiveCfg = Release|Any CPU
		{9EFF4683-0D68-4436-88C1-EFFD35316A17}.Release|Any CPU.Build.0 = Release|Any CPU
		{33FDAAA3-9955-489F-ACF9-5319B41019B3}.Debug|Any CPU.ActiveCfg = Debug|Any CPU
		{33FDAAA3-9955-489F-ACF9-5319B41019B3}.Debug|Any CPU.Build.0 = Debug|Any CPU
		{33FDAAA3-9955-489F-ACF9-5319B41019B3}.Release|Any CPU.ActiveCfg = Release|Any CPU
		{33FDAAA3-9955-489F-ACF9-5319B41019B3}.Release|Any CPU.Build.0 = Release|Any CPU
		{D614A6F8-814E-4E65-9471-695255A3B25A}.Debug|Any CPU.ActiveCfg = Debug|Any CPU
		{D614A6F8-814E-4E65-9471-695255A3B25A}.Debug|Any CPU.Build.0 = Debug|Any CPU
		{D614A6F8-814E-4E65-9471-695255A3B25A}.Release|Any CPU.ActiveCfg = Release|Any CPU
		{D614A6F8-814E-4E65-9471-695255A3B25A}.Release|Any CPU.Build.0 = Release|Any CPU
		{F5DE5C07-108A-4FED-9365-58141B4D0B06}.Debug|Any CPU.ActiveCfg = Debug|Any CPU
		{F5DE5C07-108A-4FED-9365-58141B4D0B06}.Debug|Any CPU.Build.0 = Debug|Any CPU
		{F5DE5C07-108A-4FED-9365-58141B4D0B06}.Release|Any CPU.ActiveCfg = Release|Any CPU
		{F5DE5C07-108A-4FED-9365-58141B4D0B06}.Release|Any CPU.Build.0 = Release|Any CPU
		{BCE40E04-34BC-4A34-89F1-1BCFE87CF632}.Debug|Any CPU.ActiveCfg = Debug|Any CPU
		{BCE40E04-34BC-4A34-89F1-1BCFE87CF632}.Debug|Any CPU.Build.0 = Debug|Any CPU
		{BCE40E04-34BC-4A34-89F1-1BCFE87CF632}.Release|Any CPU.ActiveCfg = Release|Any CPU
		{BCE40E04-34BC-4A34-89F1-1BCFE87CF632}.Release|Any CPU.Build.0 = Release|Any CPU
		{B980DF29-BD28-427B-BD33-35489ACC7B0F}.Debug|Any CPU.ActiveCfg = Debug|Any CPU
		{B980DF29-BD28-427B-BD33-35489ACC7B0F}.Debug|Any CPU.Build.0 = Debug|Any CPU
		{B980DF29-BD28-427B-BD33-35489ACC7B0F}.Release|Any CPU.ActiveCfg = Release|Any CPU
		{B980DF29-BD28-427B-BD33-35489ACC7B0F}.Release|Any CPU.Build.0 = Release|Any CPU
		{194D011E-90AA-45CE-9908-61DD0F67FFE5}.Debug|Any CPU.ActiveCfg = Debug|Any CPU
		{194D011E-90AA-45CE-9908-61DD0F67FFE5}.Debug|Any CPU.Build.0 = Debug|Any CPU
		{194D011E-90AA-45CE-9908-61DD0F67FFE5}.Release|Any CPU.ActiveCfg = Release|Any CPU
		{194D011E-90AA-45CE-9908-61DD0F67FFE5}.Release|Any CPU.Build.0 = Release|Any CPU
		{E10DC50B-AC15-4CEA-8152-ACAF198A85DD}.Debug|Any CPU.ActiveCfg = Debug|Any CPU
		{E10DC50B-AC15-4CEA-8152-ACAF198A85DD}.Debug|Any CPU.Build.0 = Debug|Any CPU
		{E10DC50B-AC15-4CEA-8152-ACAF198A85DD}.Release|Any CPU.ActiveCfg = Release|Any CPU
		{E10DC50B-AC15-4CEA-8152-ACAF198A85DD}.Release|Any CPU.Build.0 = Release|Any CPU
		{178A4899-A9E5-4D2A-80D4-45ABE1261C81}.Debug|Any CPU.ActiveCfg = Debug|Any CPU
		{178A4899-A9E5-4D2A-80D4-45ABE1261C81}.Debug|Any CPU.Build.0 = Debug|Any CPU
		{178A4899-A9E5-4D2A-80D4-45ABE1261C81}.Release|Any CPU.ActiveCfg = Release|Any CPU
		{178A4899-A9E5-4D2A-80D4-45ABE1261C81}.Release|Any CPU.Build.0 = Release|Any CPU
		{32A41934-04AB-4AFC-AA4E-9BC1943441C9}.Debug|Any CPU.ActiveCfg = Debug|Any CPU
		{32A41934-04AB-4AFC-AA4E-9BC1943441C9}.Debug|Any CPU.Build.0 = Debug|Any CPU
		{32A41934-04AB-4AFC-AA4E-9BC1943441C9}.Release|Any CPU.ActiveCfg = Release|Any CPU
		{32A41934-04AB-4AFC-AA4E-9BC1943441C9}.Release|Any CPU.Build.0 = Release|Any CPU
		{D81B8EA3-2046-422B-9F27-9CABC5B87BC3}.Debug|Any CPU.ActiveCfg = Debug|Any CPU
		{D81B8EA3-2046-422B-9F27-9CABC5B87BC3}.Debug|Any CPU.Build.0 = Debug|Any CPU
		{D81B8EA3-2046-422B-9F27-9CABC5B87BC3}.Release|Any CPU.ActiveCfg = Release|Any CPU
		{D81B8EA3-2046-422B-9F27-9CABC5B87BC3}.Release|Any CPU.Build.0 = Release|Any CPU
		{3CF1B913-6C90-4E42-80A0-0BE4941C0441}.Debug|Any CPU.ActiveCfg = Debug|Any CPU
		{3CF1B913-6C90-4E42-80A0-0BE4941C0441}.Debug|Any CPU.Build.0 = Debug|Any CPU
		{3CF1B913-6C90-4E42-80A0-0BE4941C0441}.Release|Any CPU.ActiveCfg = Release|Any CPU
		{3CF1B913-6C90-4E42-80A0-0BE4941C0441}.Release|Any CPU.Build.0 = Release|Any CPU
	EndGlobalSection
	GlobalSection(SolutionProperties) = preSolution
		HideSolutionNode = FALSE
	EndGlobalSection
	GlobalSection(NestedProjects) = preSolution
		{D614A6F8-814E-4E65-9471-695255A3B25A} = {C8675024-DB81-4F4B-8BEB-1CBA0645AD61}
		{F5DE5C07-108A-4FED-9365-58141B4D0B06} = {C8675024-DB81-4F4B-8BEB-1CBA0645AD61}
		{BCE40E04-34BC-4A34-89F1-1BCFE87CF632} = {C8675024-DB81-4F4B-8BEB-1CBA0645AD61}
		{194D011E-90AA-45CE-9908-61DD0F67FFE5} = {C8675024-DB81-4F4B-8BEB-1CBA0645AD61}
		{E10DC50B-AC15-4CEA-8152-ACAF198A85DD} = {C8675024-DB81-4F4B-8BEB-1CBA0645AD61}
		{178A4899-A9E5-4D2A-80D4-45ABE1261C81} = {C8675024-DB81-4F4B-8BEB-1CBA0645AD61}
		{32A41934-04AB-4AFC-AA4E-9BC1943441C9} = {91713885-FD19-409C-A9F3-918DBB48829D}
		{D81B8EA3-2046-422B-9F27-9CABC5B87BC3} = {91713885-FD19-409C-A9F3-918DBB48829D}
		{3CF1B913-6C90-4E42-80A0-0BE4941C0441} = {C8675024-DB81-4F4B-8BEB-1CBA0645AD61}
	EndGlobalSection
	GlobalSection(ExtensibilityGlobals) = postSolution
		SolutionGuid = {D5F2A81D-3D93-48C4-A41D-F37B94675B12}
	EndGlobalSection
EndGlobal
